
Microsoft Visual Studio Solution File, Format Version 12.00
# Visual Studio Version 17
VisualStudioVersion = 17.8.34316.72
MinimumVisualStudioVersion = 10.0.40219.1
Project("{9A19103F-16F7-4668-BE54-9A1E7A4F7556}") = "To-doApp", "To-doApp\To-doApp.csproj", "{8C465DF0-8A9B-4D0C-9052-CB99C23D74F1}"
EndProject
Project("{9A19103F-16F7-4668-BE54-9A1E7A4F7556}") = "TestProject", "TestProject\TestProject.csproj", "{A961AEEC-B70C-4DCA-A287-AF399E3D5C49}"
EndProject
Project("{9A19103F-16F7-4668-BE54-9A1E7A4F7556}") = "PawnShop", "PawnShop\PawnShop.csproj", "{F4213131-0F8E-478F-AB5F-34EC1E58A394}"
EndProject
Project("{9A19103F-16F7-4668-BE54-9A1E7A4F7556}") = "Hack", "Hack\Hack.csproj", "{991130A6-6157-4E3E-A056-7ACCCACC16DD}"
EndProject
Project("{FAE04EC0-301F-11D3-BF4B-00C04F79EFBC}") = "TestTest", "TestTest\TestTest.csproj", "{0E1F7BDD-50CE-4D07-B707-010FC7CF46E9}"
EndProject
Project("{FAE04EC0-301F-11D3-BF4B-00C04F79EFBC}") = "ForTest", "ForTest\ForTest.csproj", "{C3717369-0EF4-4057-8EFC-C97812BD7D69}"
EndProject
Global
	GlobalSection(SolutionConfigurationPlatforms) = preSolution
		Debug|Any CPU = Debug|Any CPU
		Release|Any CPU = Release|Any CPU
	EndGlobalSection
	GlobalSection(ProjectConfigurationPlatforms) = postSolution
		{8C465DF0-8A9B-4D0C-9052-CB99C23D74F1}.Debug|Any CPU.ActiveCfg = Debug|Any CPU
		{8C465DF0-8A9B-4D0C-9052-CB99C23D74F1}.Debug|Any CPU.Build.0 = Debug|Any CPU
		{8C465DF0-8A9B-4D0C-9052-CB99C23D74F1}.Release|Any CPU.ActiveCfg = Release|Any CPU
		{8C465DF0-8A9B-4D0C-9052-CB99C23D74F1}.Release|Any CPU.Build.0 = Release|Any CPU
		{A961AEEC-B70C-4DCA-A287-AF399E3D5C49}.Debug|Any CPU.ActiveCfg = Debug|Any CPU
		{A961AEEC-B70C-4DCA-A287-AF399E3D5C49}.Debug|Any CPU.Build.0 = Debug|Any CPU
		{A961AEEC-B70C-4DCA-A287-AF399E3D5C49}.Release|Any CPU.ActiveCfg = Release|Any CPU
		{A961AEEC-B70C-4DCA-A287-AF399E3D5C49}.Release|Any CPU.Build.0 = Release|Any CPU
		{F4213131-0F8E-478F-AB5F-34EC1E58A394}.Debug|Any CPU.ActiveCfg = Debug|Any CPU
		{F4213131-0F8E-478F-AB5F-34EC1E58A394}.Debug|Any CPU.Build.0 = Debug|Any CPU
		{F4213131-0F8E-478F-AB5F-34EC1E58A394}.Release|Any CPU.ActiveCfg = Release|Any CPU
		{F4213131-0F8E-478F-AB5F-34EC1E58A394}.Release|Any CPU.Build.0 = Release|Any CPU
		{991130A6-6157-4E3E-A056-7ACCCACC16DD}.Debug|Any CPU.ActiveCfg = Debug|Any CPU
		{991130A6-6157-4E3E-A056-7ACCCACC16DD}.Debug|Any CPU.Build.0 = Debug|Any CPU
		{991130A6-6157-4E3E-A056-7ACCCACC16DD}.Release|Any CPU.ActiveCfg = Release|Any CPU
		{991130A6-6157-4E3E-A056-7ACCCACC16DD}.Release|Any CPU.Build.0 = Release|Any CPU
		{0E1F7BDD-50CE-4D07-B707-010FC7CF46E9}.Debug|Any CPU.ActiveCfg = Debug|Any CPU
		{0E1F7BDD-50CE-4D07-B707-010FC7CF46E9}.Debug|Any CPU.Build.0 = Debug|Any CPU
		{0E1F7BDD-50CE-4D07-B707-010FC7CF46E9}.Release|Any CPU.ActiveCfg = Release|Any CPU
		{0E1F7BDD-50CE-4D07-B707-010FC7CF46E9}.Release|Any CPU.Build.0 = Release|Any CPU
		{C3717369-0EF4-4057-8EFC-C97812BD7D69}.Debug|Any CPU.ActiveCfg = Debug|Any CPU
		{C3717369-0EF4-4057-8EFC-C97812BD7D69}.Debug|Any CPU.Build.0 = Debug|Any CPU
		{C3717369-0EF4-4057-8EFC-C97812BD7D69}.Release|Any CPU.ActiveCfg = Release|Any CPU
		{C3717369-0EF4-4057-8EFC-C97812BD7D69}.Release|Any CPU.Build.0 = Release|Any CPU
	EndGlobalSection
	GlobalSection(SolutionProperties) = preSolution
		HideSolutionNode = FALSE
	EndGlobalSection
	GlobalSection(ExtensibilityGlobals) = postSolution
		SolutionGuid = {6B6623E7-A122-4E73-B046-E901CB81AC4D}
	EndGlobalSection
EndGlobal
