
Microsoft Visual Studio Solution File, Format Version 12.00
# Visual Studio Version 17
VisualStudioVersion = 17.8.34316.72
MinimumVisualStudioVersion = 10.0.40219.1
Project("{FAE04EC0-301F-11D3-BF4B-00C04F79EFBC}") = "To-doApp", "To-doApp\To-doApp.csproj", "{8C465DF0-8A9B-4D0C-9052-CB99C23D74F1}"
EndProject
Project("{FAE04EC0-301F-11D3-BF4B-00C04F79EFBC}") = "TestProject", "TestProject\TestProject.csproj", "{A961AEEC-B70C-4DCA-A287-AF399E3D5C49}"
EndProject
Global
	GlobalSection(SolutionConfigurationPlatforms) = preSolution
		Debug|Any CPU = Debug|Any CPU
		Release|Any CPU = Release|Any CPU
	EndGlobalSection
	GlobalSection(ProjectConfigurationPlatforms) = postSolution
		{8C465DF0-8A9B-4D0C-9052-CB99C23D74F1}.Debug|Any CPU.ActiveCfg = Debug|Any CPU
		{8C465DF0-8A9B-4D0C-9052-CB99C23D74F1}.Debug|Any CPU.Build.0 = Debug|Any CPU
		{8C465DF0-8A9B-4D0C-9052-CB99C23D74F1}.Release|Any CPU.ActiveCfg = Release|Any CPU
		{8C465DF0-8A9B-4D0C-9052-CB99C23D74F1}.Release|Any CPU.Build.0 = Release|Any CPU
		{A961AEEC-B70C-4DCA-A287-AF399E3D5C49}.Debug|Any CPU.ActiveCfg = Debug|Any CPU
		{A961AEEC-B70C-4DCA-A287-AF399E3D5C49}.Debug|Any CPU.Build.0 = Debug|Any CPU
		{A961AEEC-B70C-4DCA-A287-AF399E3D5C49}.Release|Any CPU.ActiveCfg = Release|Any CPU
		{A961AEEC-B70C-4DCA-A287-AF399E3D5C49}.Release|Any CPU.Build.0 = Release|Any CPU
	EndGlobalSection
	GlobalSection(SolutionProperties) = preSolution
		HideSolutionNode = FALSE
	EndGlobalSection
	GlobalSection(ExtensibilityGlobals) = postSolution
		SolutionGuid = {6B6623E7-A122-4E73-B046-E901CB81AC4D}
	EndGlobalSection
EndGlobal
